<?xml version="1.0" encoding="utf-8"?>
<Project ToolsVersion="4.0" xmlns="http://schemas.microsoft.com/developer/msbuild/2003">
  <ItemGroup>
    <Filter Include="소스 파일">
      <UniqueIdentifier>{ab54152d-6155-4a3a-b38d-1158f55509c1}</UniqueIdentifier>
    </Filter>
    <Filter Include="헤더 파일">
      <UniqueIdentifier>{d7e1217d-751f-4ed6-aa18-b2b05c98c9bb}</UniqueIdentifier>
    </Filter>
    <Filter Include="소스 파일\Skills">
      <UniqueIdentifier>{b049d605-8e6b-444d-b737-a030bb86da6a}</UniqueIdentifier>
    </Filter>
    <Filter Include="소스 파일\Framework">
      <UniqueIdentifier>{fadba8d5-054d-4070-abe8-63876fba9b58}</UniqueIdentifier>
    </Filter>
    <Filter Include="소스 파일\Utils">
      <UniqueIdentifier>{4d9f4dbb-5298-4398-b468-25826e064ce7}</UniqueIdentifier>
    </Filter>
    <Filter Include="소스 파일\Actors">
      <UniqueIdentifier>{da45cea9-f451-4f8f-9084-0cdef13a6bec}</UniqueIdentifier>
    </Filter>
    <Filter Include="헤더 파일\Framework">
      <UniqueIdentifier>{58e24b82-6a22-4468-a262-98f360a2928e}</UniqueIdentifier>
    </Filter>
    <Filter Include="헤더 파일\Skills">
      <UniqueIdentifier>{569befd4-f9b4-4c77-af10-58e6564c8d33}</UniqueIdentifier>
    </Filter>
    <Filter Include="헤더 파일\Utils">
      <UniqueIdentifier>{bf7e8235-346a-4a97-8edc-60cbde6c6a1c}</UniqueIdentifier>
    </Filter>
    <Filter Include="헤더 파일\Actors">
      <UniqueIdentifier>{c712945f-91ca-4d02-900c-1db1077c42dd}</UniqueIdentifier>
    </Filter>
    <Filter Include="헤더 파일\Systems">
      <UniqueIdentifier>{787430a0-beb1-45a4-935d-dcf93a6f5267}</UniqueIdentifier>
    </Filter>
    <Filter Include="소스 파일\Systems">
      <UniqueIdentifier>{60e85c58-fb20-414c-abd9-668b81a60078}</UniqueIdentifier>
    </Filter>
    <Filter Include="헤더 파일\Maps">
      <UniqueIdentifier>{957aa5fa-03ec-4072-8df1-05c525163562}</UniqueIdentifier>
    </Filter>
    <Filter Include="소스 파일\Maps">
      <UniqueIdentifier>{a9b6527e-5d9a-4453-81dd-e2d8f6c71c83}</UniqueIdentifier>
    </Filter>
    <Filter Include="JSON 파일">
      <UniqueIdentifier>{053ce539-da71-44c0-aaca-b33dca14cd51}</UniqueIdentifier>
    </Filter>
  </ItemGroup>
  <ItemGroup>
    <ClCompile Include="Spartale.cpp">
      <Filter>소스 파일</Filter>
    </ClCompile>
    <ClCompile Include="AbilitySystemComponent.cpp">
      <Filter>소스 파일\Framework</Filter>
    </ClCompile>
    <ClCompile Include="AttributeSet.cpp">
      <Filter>소스 파일\Framework</Filter>
    </ClCompile>
    <ClCompile Include="GameplayEffect.cpp">
      <Filter>소스 파일\Framework</Filter>
    </ClCompile>
    <ClCompile Include="GameplayAbility.cpp">
      <Filter>소스 파일\Framework</Filter>
    </ClCompile>
    <ClCompile Include="Actor.cpp">
      <Filter>소스 파일\Framework</Filter>
    </ClCompile>
    <ClCompile Include="DamageUtils.cpp">
      <Filter>소스 파일\Utils</Filter>
    </ClCompile>
    <ClCompile Include="ConsoleUtils.cpp">
      <Filter>소스 파일\Utils</Filter>
    </ClCompile>
    <ClCompile Include="Player.cpp">
      <Filter>소스 파일\Actors</Filter>
    </ClCompile>
    <ClCompile Include="Monster.cpp">
      <Filter>소스 파일\Actors</Filter>
    </ClCompile>
    <ClCompile Include="AB_NormalAttack.cpp">
      <Filter>소스 파일\Skills</Filter>
    </ClCompile>
    <ClCompile Include="BattleManager.cpp">
      <Filter>소스 파일\Systems</Filter>
    </ClCompile>
    <ClCompile Include="AB_PoisonCloud.cpp">
      <Filter>소스 파일\Skills</Filter>
    </ClCompile>
    <ClCompile Include="Field.cpp">
      <Filter>소스 파일\Maps</Filter>
    </ClCompile>
    <ClCompile Include="ConsoleRenderer.cpp">
      <Filter>소스 파일\Utils</Filter>
    </ClCompile>
    <ClCompile Include="GameWorld.cpp">
      <Filter>소스 파일\Maps</Filter>
    </ClCompile>
  </ItemGroup>
  <ItemGroup>
    <ClInclude Include="AB_NormalAttack.h">
      <Filter>헤더 파일\Skills</Filter>
    </ClInclude>
    <ClInclude Include="Player.h">
      <Filter>헤더 파일\Actors</Filter>
    </ClInclude>
    <ClInclude Include="Monster.h">
      <Filter>헤더 파일\Actors</Filter>
    </ClInclude>
    <ClInclude Include="AttributeSet.h">
      <Filter>헤더 파일\Framework</Filter>
    </ClInclude>
    <ClInclude Include="AbilitySystemComponent.h">
      <Filter>헤더 파일\Framework</Filter>
    </ClInclude>
    <ClInclude Include="GameplayAbility.h">
      <Filter>헤더 파일\Framework</Filter>
    </ClInclude>
    <ClInclude Include="GameplayEffect.h">
      <Filter>헤더 파일\Framework</Filter>
    </ClInclude>
    <ClInclude Include="Global.h">
      <Filter>헤더 파일\Framework</Filter>
    </ClInclude>
    <ClInclude Include="Actor.h">
      <Filter>헤더 파일\Framework</Filter>
    </ClInclude>
    <ClInclude Include="ConsoleUtils.h">
      <Filter>헤더 파일\Utils</Filter>
    </ClInclude>
    <ClInclude Include="DamageUtils.h">
      <Filter>헤더 파일\Utils</Filter>
    </ClInclude>
    <ClInclude Include="BattleManager.h">
      <Filter>헤더 파일\Systems</Filter>
    </ClInclude>
    <ClInclude Include="AB_PoisonCloud.h">
      <Filter>헤더 파일\Skills</Filter>
    </ClInclude>
    <ClInclude Include="Field.h">
      <Filter>헤더 파일\Maps</Filter>
    </ClInclude>
    <ClInclude Include="ConsoleRenderer.h">
      <Filter>헤더 파일\Utils</Filter>
    </ClInclude>
    <ClInclude Include="GameWorld.h">
      <Filter>헤더 파일\Maps</Filter>
    </ClInclude>
  </ItemGroup>
  <ItemGroup>
    <None Include="Town.json">
      <Filter>JSON 파일</Filter>
    </None>
    <None Include="Field_1.json">
      <Filter>JSON 파일</Filter>
    </None>
  </ItemGroup>
</Project>